{
  "version": "5",
  "specifiers": {
    "jsr:@bounded-systems/trellis-kit@0.1": "0.1.0",
    "jsr:@bounded-systems/verbspec@~0.3.1": "0.3.1",
    "jsr:@std/assert@1": "1.0.13",
    "jsr:@std/cli@1": "1.0.32",
    "jsr:@std/fs@1": "1.0.24",
    "jsr:@std/internal@^1.0.6": "1.0.6",
    "npm:zod@^4.4.3": "4.4.3"
  },
  "jsr": {
    "@bounded-systems/trellis-kit@0.1.0": {
      "integrity": "36f32e582f7e50fb17f2d17984300e7baf304852dfa5f81f03366140e2c7bab5",
      "dependencies": [
        "npm:zod"
      ]
    },
    "@bounded-systems/verbspec@0.3.1": {
      "integrity": "993d7b588363ed8817f7a7ea6c8d2ddb17138f61f87659041705759b4a1ae063",
      "dependencies": [
        "npm:zod"
      ]
    },
    "@std/assert@1.0.13": {
      "integrity": "ae0d31e41919b12c656c742b22522c32fb26ed0cba32975cb0de2a273cb68b29",
      "dependencies": [
        "jsr:@std/internal"
      ]
    },
    "@std/cli@1.0.32": {
      "integrity": "188b3a100d6202d64e3f5bd3d799c7fa4f6d77f92cc65eb7f641c1fa0aa92a66"
    },
    "@std/fs@1.0.24": {
      "integrity": "f3061b45b81673a2bece689da041df32d174be064c89eb6397fb5718d3fb7877"
    },
    "@std/internal@1.0.6": {
      "integrity": "9533b128f230f73bd209408bb07a4b12f8d4255ab2a4d22a1fd6d87304aca9a4"
    }
  },
  "npm": {
    "zod@4.4.3": {
      "integrity": "sha512-ytENFjIJFl2UwYglde2jchW2Hwm4GJFLDiSXWdTrJQBIN9Fcyp7n4DhxJEiWNAJMV1/BqWfW/kkg71UDcHJyTQ=="
    }
  },
  "workspace": {
    "dependencies": [
      "jsr:@bounded-systems/trellis-kit@0.1",
      "jsr:@bounded-systems/verbspec@~0.3.1",
      "jsr:@std/assert@1",
      "jsr:@std/cli@1",
      "jsr:@std/fs@1",
      "npm:zod@^4.4.3"
    ]
  }
}
