{
  "nodes": {
    "concierge-wire": {
      "flake": false,
      "locked": {
        "lastModified": 1783200414,
        "narHash": "sha256-CoKsHJcU7KBdKiK26q7ZtxcXHfESdCe5TTQx3sne2Tk=",
        "owner": "bounded-systems",
        "repo": "concierge-wire",
        "rev": "24ca9afd9051e217311428c20fa11435161dc8ed",
        "type": "github"
      },
      "original": {
        "owner": "bounded-systems",
        "repo": "concierge-wire",
        "type": "github"
      }
    },
    "door-concierge": {
      "flake": false,
      "locked": {
        "lastModified": 1782825327,
        "narHash": "sha256-K2/ULzkCIAWmDmYwtQP7fAzLWJqKBWL6MrwQdRvZztQ=",
        "owner": "bounded-systems",
        "repo": "door-concierge",
        "rev": "eebbcb9bddf5a5b4268d9888d930df9f2be68575",
        "type": "github"
      },
      "original": {
        "owner": "bounded-systems",
        "repo": "door-concierge",
        "type": "github"
      }
    },
    "door-keeper": {
      "flake": false,
      "locked": {
        "lastModified": 1782825319,
        "narHash": "sha256-OQMkjRdnonduLH1F1o7rv3lKGfEzGuFDQwluDDhpnWs=",
        "owner": "bounded-systems",
        "repo": "door-keeper",
        "rev": "27d064f9b61831f4493ed61d47243d3278fd0e3a",
        "type": "github"
      },
      "original": {
        "owner": "bounded-systems",
        "repo": "door-keeper",
        "type": "github"
      }
    },
    "door-kit": {
      "flake": false,
      "locked": {
        "lastModified": 1783203048,
        "narHash": "sha256-7k7ADJGR5XPB17u9XRK+m3sRva4gRV1JJzLLQDN733M=",
        "owner": "bounded-systems",
        "repo": "door-kit",
        "rev": "4b72a33d4f03c7f5869c229adf8617802656a1b5",
        "type": "github"
      },
      "original": {
        "owner": "bounded-systems",
        "repo": "door-kit",
        "type": "github"
      }
    },
    "door-scout": {
      "flake": false,
      "locked": {
        "lastModified": 1782825323,
        "narHash": "sha256-kXmaQv1u1PsWKY4ETPi5yEbXIUVBOtV+krApHncWtp8=",
        "owner": "bounded-systems",
        "repo": "door-scout",
        "rev": "2b047ecad768092e7f4de0c545f6b21be775c9f4",
        "type": "github"
      },
      "original": {
        "owner": "bounded-systems",
        "repo": "door-scout",
        "type": "github"
      }
    },
    "fs": {
      "flake": false,
      "locked": {
        "lastModified": 1782766789,
        "narHash": "sha256-fmhHoQ8lLPAOMrhkbyqxKOXmm5QBVg4Hf0giPwrWoEM=",
        "owner": "bounded-systems",
        "repo": "fs",
        "rev": "114c10df868d0a79a03d13726129d80e2fe01278",
        "type": "github"
      },
      "original": {
        "owner": "bounded-systems",
        "repo": "fs",
        "type": "github"
      }
    },
    "keeper-wire": {
      "flake": false,
      "locked": {
        "lastModified": 1783199545,
        "narHash": "sha256-wDQsLLD5/xoE4xXNiZkM5KCl+0VutO6bAb4T75naF4s=",
        "owner": "bounded-systems",
        "repo": "keeper-wire",
        "rev": "a2c0e504e6a8e82529c4c3d38b9f8f25a7fec4d5",
        "type": "github"
      },
      "original": {
        "owner": "bounded-systems",
        "repo": "keeper-wire",
        "type": "github"
      }
    },
    "nixpkgs": {
      "locked": {
        "lastModified": 1782959384,
        "narHash": "sha256-xnJJk+ct+D2+wdRxj1wk36w5zV9RVESwRqcklPdt3fM=",
        "owner": "NixOS",
        "repo": "nixpkgs",
        "rev": "65179426c83bb3f6bc14898b42ea1c6f01d374b0",
        "type": "github"
      },
      "original": {
        "owner": "NixOS",
        "ref": "nixos-unstable",
        "repo": "nixpkgs",
        "type": "github"
      }
    },
    "root": {
      "inputs": {
        "concierge-wire": "concierge-wire",
        "door-concierge": "door-concierge",
        "door-keeper": "door-keeper",
        "door-kit": "door-kit",
        "door-scout": "door-scout",
        "fs": "fs",
        "keeper-wire": "keeper-wire",
        "nixpkgs": "nixpkgs",
        "scout-wire": "scout-wire",
        "seam-check": "seam-check"
      }
    },
    "scout-wire": {
      "flake": false,
      "locked": {
        "lastModified": 1783200410,
        "narHash": "sha256-0IQ4NJ486cWA8BAVkefibUNjidsUxlK9YWNHAsYAuAo=",
        "owner": "bounded-systems",
        "repo": "scout-wire",
        "rev": "79bedb301ab4b2d19ce97cdfbc5122c964dc9913",
        "type": "github"
      },
      "original": {
        "owner": "bounded-systems",
        "repo": "scout-wire",
        "type": "github"
      }
    },
    "seam-check": {
      "flake": false,
      "locked": {
        "lastModified": 1782766736,
        "narHash": "sha256-IoNcQLyxJHt7V7j2rWL89sib4L4HFQJoCkXGPhorC2Q=",
        "owner": "bounded-systems",
        "repo": "seam-check",
        "rev": "76f11c1ade0220acc04355dd335eb64b5d443fcb",
        "type": "github"
      },
      "original": {
        "owner": "bounded-systems",
        "repo": "seam-check",
        "type": "github"
      }
    }
  },
  "root": "root",
  "version": 7
}
